
Microsoft Visual Studio Solution File, Format Version 12.00
# Visual Studio Version 17
VisualStudioVersion = 17.8.34330.188
MinimumVisualStudioVersion = 10.0.40219.1
Project("{FAE04EC0-301F-11D3-BF4B-00C04F79EFBC}") = "Debank_Data", "Debank_Data\Debank_Data.csproj", "{DA002D64-869F-489D-998A-4B719B5DB48C}"
EndProject
Global
	GlobalSection(SolutionConfigurationPlatforms) = preSolution
		Debug|Any CPU = Debug|Any CPU
		Release|Any CPU = Release|Any CPU
	EndGlobalSection
	GlobalSection(ProjectConfigurationPlatforms) = postSolution
		{DA002D64-869F-489D-998A-4B719B5DB48C}.Debug|Any CPU.ActiveCfg = Debug|Any CPU
		{DA002D64-869F-489D-998A-4B719B5DB48C}.Debug|Any CPU.Build.0 = Debug|Any CPU
		{DA002D64-869F-489D-998A-4B719B5DB48C}.Release|Any CPU.ActiveCfg = Release|Any CPU
		{DA002D64-869F-489D-998A-4B719B5DB48C}.Release|Any CPU.Build.0 = Release|Any CPU
	EndGlobalSection
	GlobalSection(SolutionProperties) = preSolution
		HideSolutionNode = FALSE
	EndGlobalSection
	GlobalSection(ExtensibilityGlobals) = postSolution
		SolutionGuid = {38C0B4FD-96FA-40E7-82B9-B01A9B05BB40}
	EndGlobalSection
EndGlobal
